{
  "name": "quickcut-editor",
  "version": "2.7.17",
  "lockfileVersion": 3,
  "requires": true,
  "packages": {
    "": {
      "name": "quickcut-editor",
      "version": "2.7.17",
      "optionalDependencies": {
        "@napi-rs/whisper": "0.0.4",
        "@napi-rs/whisper-darwin-arm64": "0.0.4",
        "@napi-rs/whisper-darwin-x64": "0.0.4",
        "@webviewjs/webview": "0.4.1"
      }
    },
    "node_modules/@napi-rs/whisper": {
      "version": "0.0.4",
      "resolved": "https://registry.npmjs.org/@napi-rs/whisper/-/whisper-0.0.4.tgz",
      "integrity": "sha512-+GFBj5YdC9uEDBhGz2DvmJ0lKGWkEDMnE320T7wNccGXwhGa6DDvsc3v0WBTyXW0T3ew31Z05nle1ExNWmWXSQ==",
      "license": "MIT",
      "optional": true,
      "bin": {
        "download-whisper-model": "scripts/download-ggml-model.mjs"
      },
      "engines": {
        "node": ">= 10"
      },
      "optionalDependencies": {
        "@napi-rs/whisper-darwin-arm64": "0.0.4",
        "@napi-rs/whisper-darwin-x64": "0.0.4",
        "@napi-rs/whisper-linux-x64-gnu": "0.0.4"
      }
    },
    "node_modules/@napi-rs/whisper-darwin-arm64": {
      "version": "0.0.4",
      "resolved": "https://registry.npmjs.org/@napi-rs/whisper-darwin-arm64/-/whisper-darwin-arm64-0.0.4.tgz",
      "integrity": "sha512-elrth/U0CqkPTsG9MFU4krcgd+7qiYBe0ikHbfdJWuqcEfvoIifZ47GQJy5dlCBLvPXk1lcxUtMGtR3TggSSOA==",
      "cpu": [
        "arm64"
      ],
      "license": "MIT",
      "optional": true,
      "os": [
        "darwin"
      ],
      "engines": {
        "node": ">= 10"
      }
    },
    "node_modules/@napi-rs/whisper-darwin-x64": {
      "version": "0.0.4",
      "resolved": "https://registry.npmjs.org/@napi-rs/whisper-darwin-x64/-/whisper-darwin-x64-0.0.4.tgz",
      "integrity": "sha512-g1yCDk7p2LJrQgLOZ74HuTss4MEAAOlBDthoFhEiZ0Va3vZmXaFiEmvtCOy5K//5qtvzaqJLAoVmUDbtNjV7CQ==",
      "cpu": [
        "x64"
      ],
      "license": "MIT",
      "optional": true,
      "os": [
        "darwin"
      ],
      "engines": {
        "node": ">= 10"
      }
    },
    "node_modules/@napi-rs/whisper-linux-x64-gnu": {
      "version": "0.0.4",
      "resolved": "https://registry.npmjs.org/@napi-rs/whisper-linux-x64-gnu/-/whisper-linux-x64-gnu-0.0.4.tgz",
      "integrity": "sha512-1O4uyUYOhR/nLzRSKia3x18gsEcCy9VigPQE3WYMMbzlRxUcsf0hCV5HHGnojSLChW8HVYE58SXTBdEDUdCsfw==",
      "cpu": [
        "x64"
      ],
      "license": "MIT",
      "optional": true,
      "os": [
        "linux"
      ],
      "engines": {
        "node": ">= 10"
      }
    },
    "node_modules/@webviewjs/webview": {
      "version": "0.4.1",
      "resolved": "https://registry.npmjs.org/@webviewjs/webview/-/webview-0.4.1.tgz",
      "integrity": "sha512-beKImyzqMGED6O4zRA7e9Bmxq/vQW63F1gAY9sREAKyR2hVFUPgNDnGo+Zc30QfTKpeeJt0Ajdk1cY28vvagCQ==",
      "license": "MIT",
      "optional": true,
      "bin": {
        "webview": "cli/index.mjs",
        "webviewjs": "cli/index.mjs"
      },
      "engines": {
        "node": ">= 24"
      },
      "optionalDependencies": {
        "@webviewjs/webview-android-arm-eabi": "0.4.1",
        "@webviewjs/webview-android-arm64": "0.4.1",
        "@webviewjs/webview-darwin-arm64": "0.4.1",
        "@webviewjs/webview-darwin-x64": "0.4.1",
        "@webviewjs/webview-freebsd-x64": "0.4.1",
        "@webviewjs/webview-linux-arm-gnueabihf": "0.4.1",
        "@webviewjs/webview-linux-arm64-gnu": "0.4.1",
        "@webviewjs/webview-linux-ia32-gnu": "0.4.1",
        "@webviewjs/webview-linux-x64-gnu": "0.4.1",
        "@webviewjs/webview-win32-arm64-msvc": "0.4.1",
        "@webviewjs/webview-win32-ia32-msvc": "0.4.1",
        "@webviewjs/webview-win32-x64-msvc": "0.4.1"
      }
    },
    "node_modules/@webviewjs/webview-android-arm-eabi": {
      "version": "0.4.1",
      "resolved": "https://registry.npmjs.org/@webviewjs/webview-android-arm-eabi/-/webview-android-arm-eabi-0.4.1.tgz",
      "integrity": "sha512-RVwleUDSAiRktdn3UsWTLycc54+FeSuEy2Pc4sAKrCMN0+7PDXk/Y0MaKssrXNutZ4xUok5AA8xaU4oDtLMHBA==",
      "cpu": [
        "arm"
      ],
      "license": "MIT",
      "optional": true,
      "os": [
        "android"
      ],
      "engines": {
        "node": ">= 24"
      }
    },
    "node_modules/@webviewjs/webview-android-arm64": {
      "version": "0.4.1",
      "resolved": "https://registry.npmjs.org/@webviewjs/webview-android-arm64/-/webview-android-arm64-0.4.1.tgz",
      "integrity": "sha512-SkjnSX8u6fgUoep2+yf3kEmTGGLUXJd7POuWNZT1z8TZ88PxSY3Vh5Cbli4PMC26sBJdwZ3wA3QmRcA/5D9Wjg==",
      "cpu": [
        "arm64"
      ],
      "license": "MIT",
      "optional": true,
      "os": [
        "android"
      ],
      "engines": {
        "node": ">= 24"
      }
    },
    "node_modules/@webviewjs/webview-darwin-arm64": {
      "version": "0.4.1",
      "resolved": "https://registry.npmjs.org/@webviewjs/webview-darwin-arm64/-/webview-darwin-arm64-0.4.1.tgz",
      "integrity": "sha512-wjbETpSF5IF0xlwabD8har0Ys58P3iyc5kz/zi+d26xU6PA/HyknW+RbOykRgKqLiWy/JdO/8S50I3L5f3BKPw==",
      "cpu": [
        "arm64"
      ],
      "license": "MIT",
      "optional": true,
      "os": [
        "darwin"
      ],
      "engines": {
        "node": ">= 24"
      }
    },
    "node_modules/@webviewjs/webview-darwin-x64": {
      "version": "0.4.1",
      "resolved": "https://registry.npmjs.org/@webviewjs/webview-darwin-x64/-/webview-darwin-x64-0.4.1.tgz",
      "integrity": "sha512-jz4xixO/FANR56Fzeai2t+LxQIGZfMw0IjaoU3vhF4F8fuB7hD4/U7KHfraNZ3ALDlEefo9S75TTNDXE9ALVOQ==",
      "cpu": [
        "x64"
      ],
      "license": "MIT",
      "optional": true,
      "os": [
        "darwin"
      ],
      "engines": {
        "node": ">= 24"
      }
    },
    "node_modules/@webviewjs/webview-freebsd-x64": {
      "version": "0.4.1",
      "resolved": "https://registry.npmjs.org/@webviewjs/webview-freebsd-x64/-/webview-freebsd-x64-0.4.1.tgz",
      "integrity": "sha512-vAuqzacmPrFFbbWsHmsJgbDU9tKfh2OyuG26mVopwu5BZCAHTzaWCgdUUB8dmhlyK8+17kJoGgcIejwFqjgY1A==",
      "cpu": [
        "x64"
      ],
      "license": "MIT",
      "optional": true,
      "os": [
        "freebsd"
      ],
      "engines": {
        "node": ">= 24"
      }
    },
    "node_modules/@webviewjs/webview-linux-arm-gnueabihf": {
      "version": "0.4.1",
      "resolved": "https://registry.npmjs.org/@webviewjs/webview-linux-arm-gnueabihf/-/webview-linux-arm-gnueabihf-0.4.1.tgz",
      "integrity": "sha512-fbhzU8qOc5aoC6VHDMNuCwVG9ICX1BlR8g5zVo2k40RyYjG2cDoZ2tt1MYumCi0AFjx4YH0SfqeRC++6LPO27g==",
      "cpu": [
        "arm"
      ],
      "license": "MIT",
      "optional": true,
      "os": [
        "linux"
      ],
      "engines": {
        "node": ">= 24"
      }
    },
    "node_modules/@webviewjs/webview-linux-arm64-gnu": {
      "version": "0.4.1",
      "resolved": "https://registry.npmjs.org/@webviewjs/webview-linux-arm64-gnu/-/webview-linux-arm64-gnu-0.4.1.tgz",
      "integrity": "sha512-Z1fmfZS5L+TUQOqaIRaqtdvd8i9CeYaAuW1zG8Lv7AhU9gyzqT9xqx2gYm03Dce9V7spSG+brE4pxqUL9BF7RQ==",
      "cpu": [
        "arm64"
      ],
      "license": "MIT",
      "optional": true,
      "os": [
        "linux"
      ],
      "engines": {
        "node": ">= 24"
      }
    },
    "node_modules/@webviewjs/webview-linux-x64-gnu": {
      "version": "0.4.1",
      "resolved": "https://registry.npmjs.org/@webviewjs/webview-linux-x64-gnu/-/webview-linux-x64-gnu-0.4.1.tgz",
      "integrity": "sha512-ExthO/yjr+p25x+XzVO8lW016Xyev5H1fpvI80pT9cQvvrd6A5lm1pYs2qYETOjt5TpuBFVa/yyLEeKwgjlMRw==",
      "cpu": [
        "x64"
      ],
      "license": "MIT",
      "optional": true,
      "os": [
        "linux"
      ],
      "engines": {
        "node": ">= 24"
      }
    },
    "node_modules/@webviewjs/webview-win32-arm64-msvc": {
      "version": "0.4.1",
      "resolved": "https://registry.npmjs.org/@webviewjs/webview-win32-arm64-msvc/-/webview-win32-arm64-msvc-0.4.1.tgz",
      "integrity": "sha512-1X/wi/0NDI0HmV1z84YHsNdU/DTNGnVyctOGCYLUJtHjLUAqHcWMov+lb+E2Z1PMJv9lk92JbpwVpkMRgwnkSA==",
      "cpu": [
        "arm64"
      ],
      "license": "MIT",
      "optional": true,
      "os": [
        "win32"
      ],
      "engines": {
        "node": ">= 24"
      }
    },
    "node_modules/@webviewjs/webview-win32-ia32-msvc": {
      "version": "0.4.1",
      "resolved": "https://registry.npmjs.org/@webviewjs/webview-win32-ia32-msvc/-/webview-win32-ia32-msvc-0.4.1.tgz",
      "integrity": "sha512-S1glGG76mM8fZH6MrHNa8OB31z9BnxCbswqrH/leFzZ9zmiACixCcUm7NiJXkgd/7fn6pUubCreoOrCmgLALMw==",
      "cpu": [
        "ia32"
      ],
      "license": "MIT",
      "optional": true,
      "os": [
        "win32"
      ],
      "engines": {
        "node": ">= 24"
      }
    },
    "node_modules/@webviewjs/webview-win32-x64-msvc": {
      "version": "0.4.1",
      "resolved": "https://registry.npmjs.org/@webviewjs/webview-win32-x64-msvc/-/webview-win32-x64-msvc-0.4.1.tgz",
      "integrity": "sha512-5I+PKSA/4zZW/lsrA8XbD3L9EipETPsayK4aVWl86lBXNr/XL567XDssKHzP5pMDitJClxtzJJnP6w3QB65Y4g==",
      "cpu": [
        "x64"
      ],
      "license": "MIT",
      "optional": true,
      "os": [
        "win32"
      ],
      "engines": {
        "node": ">= 24"
      }
    },
    "node_modules/@webviewjs/webview/node_modules/@webviewjs/webview-linux-ia32-gnu": {
      "optional": true
    }
  }
}
